
Microsoft Visual Studio Solution File, Format Version 12.00
# Visual Studio Version 17
VisualStudioVersion = 17.0.31912.275
MinimumVisualStudioVersion = 10.0.40219.1
Project("{9A19103F-16F7-4668-BE54-9A1E7A4F7556}") = "DrawingLines", "DrawingLinesTask\DrawingLines.csproj", "{8EFECF1B-EC1C-4A25-8BDC-6C3BC2259525}"
EndProject
Global
	GlobalSection(SolutionConfigurationPlatforms) = preSolution
		Debug|Any CPU = Debug|Any CPU
		Release|Any CPU = Release|Any CPU
	EndGlobalSection
	GlobalSection(ProjectConfigurationPlatforms) = postSolution
		{8EFECF1B-EC1C-4A25-8BDC-6C3BC2259525}.Debug|Any CPU.ActiveCfg = Debug|Any CPU
		{8EFECF1B-EC1C-4A25-8BDC-6C3BC2259525}.Debug|Any CPU.Build.0 = Debug|Any CPU
		{8EFECF1B-EC1C-4A25-8BDC-6C3BC2259525}.Release|Any CPU.ActiveCfg = Release|Any CPU
		{8EFECF1B-EC1C-4A25-8BDC-6C3BC2259525}.Release|Any CPU.Build.0 = Release|Any CPU
	EndGlobalSection
	GlobalSection(SolutionProperties) = preSolution
		HideSolutionNode = FALSE
	EndGlobalSection
	GlobalSection(ExtensibilityGlobals) = postSolution
		SolutionGuid = {9E589C59-938B-463C-923E-A69E3F94669E}
	EndGlobalSection
EndGlobal
